
Microsoft Visual Studio Solution File, Format Version 11.00
# Visual Studio 2010
Project("{FAE04EC0-301F-11D3-BF4B-00C04F79EFBC}") = "Assembly-CSharp", "Assembly-CSharp.csproj", "{120a188c-6ef1-e7aa-44dc-99945dbee987}"
EndProject
Project("{FAE04EC0-301F-11D3-BF4B-00C04F79EFBC}") = "endel.nativewebsocket", "endel.nativewebsocket.csproj", "{4d5cb25e-a877-96c4-e489-2d45f70dc400}"
EndProject
Project("{FAE04EC0-301F-11D3-BF4B-00C04F79EFBC}") = "Assembly-CSharp-Editor", "Assembly-CSharp-Editor.csproj", "{deab72b0-5001-7a9f-15b8-139fa245c5f4}"
EndProject
Global
	GlobalSection(SolutionConfigurationPlatforms) = preSolution
		Debug|Any CPU = Debug|Any CPU
		Release|Any CPU = Release|Any CPU
	EndGlobalSection
	GlobalSection(ProjectConfigurationPlatforms) = postSolution
		{120a188c-6ef1-e7aa-44dc-99945dbee987}.Debug|Any CPU.ActiveCfg = Debug|Any CPU
		{120a188c-6ef1-e7aa-44dc-99945dbee987}.Debug|Any CPU.Build.0 = Debug|Any CPU
		{120a188c-6ef1-e7aa-44dc-99945dbee987}.Release|Any CPU.ActiveCfg = Release|Any CPU
		{120a188c-6ef1-e7aa-44dc-99945dbee987}.Release|Any CPU.Build.0 = Release|Any CPU
		{4d5cb25e-a877-96c4-e489-2d45f70dc400}.Debug|Any CPU.ActiveCfg = Debug|Any CPU
		{4d5cb25e-a877-96c4-e489-2d45f70dc400}.Debug|Any CPU.Build.0 = Debug|Any CPU
		{4d5cb25e-a877-96c4-e489-2d45f70dc400}.Release|Any CPU.ActiveCfg = Release|Any CPU
		{4d5cb25e-a877-96c4-e489-2d45f70dc400}.Release|Any CPU.Build.0 = Release|Any CPU
		{deab72b0-5001-7a9f-15b8-139fa245c5f4}.Debug|Any CPU.ActiveCfg = Debug|Any CPU
		{deab72b0-5001-7a9f-15b8-139fa245c5f4}.Debug|Any CPU.Build.0 = Debug|Any CPU
		{deab72b0-5001-7a9f-15b8-139fa245c5f4}.Release|Any CPU.ActiveCfg = Release|Any CPU
		{deab72b0-5001-7a9f-15b8-139fa245c5f4}.Release|Any CPU.Build.0 = Release|Any CPU
	EndGlobalSection
	GlobalSection(SolutionProperties) = preSolution
		HideSolutionNode = FALSE
	EndGlobalSection
EndGlobal
