
Microsoft Visual Studio Solution File, Format Version 11.00
# Visual Studio 2010
Project("{FAE04EC0-301F-11D3-BF4B-00C04F79EFBC}") = "Unity.2D.PixelPerfect.Tests", "Unity.2D.PixelPerfect.Tests.csproj", "{449496E9-C76D-8780-AB46-2072CA9607FE}"
EndProject
Project("{FAE04EC0-301F-11D3-BF4B-00C04F79EFBC}") = "UnityEngine.TestRunner", "UnityEngine.TestRunner.csproj", "{4B6B5FCE-733E-1A66-BB6C-C6AAAE2DBA23}"
EndProject
Project("{FAE04EC0-301F-11D3-BF4B-00C04F79EFBC}") = "Unity.Mathematics", "Unity.Mathematics.csproj", "{8AF9DF69-E448-43B0-7FA8-FE5EF64A4AF0}"
EndProject
Project("{FAE04EC0-301F-11D3-BF4B-00C04F79EFBC}") = "Unity.2D.Animation.Triangle.Runtime", "Unity.2D.Animation.Triangle.Runtime.csproj", "{D14C10BA-DEE7-2E32-8937-E3808B6F7599}"
EndProject
Project("{FAE04EC0-301F-11D3-BF4B-00C04F79EFBC}") = "UnityEngine.UI.Tests", "UnityEngine.UI.Tests.csproj", "{7A539F9C-CC88-A5FA-4E2E-6FEEF0DFC528}"
EndProject
Project("{FAE04EC0-301F-11D3-BF4B-00C04F79EFBC}") = "Unity.Timeline", "Unity.Timeline.csproj", "{B8DA8B3F-FF82-AE54-AF51-8CEE5D4DE0DB}"
EndProject
Project("{FAE04EC0-301F-11D3-BF4B-00C04F79EFBC}") = "UnityEngine.UI", "UnityEngine.UI.csproj", "{B95C02B1-C338-893F-A58D-8828E56FA928}"
EndProject
Project("{FAE04EC0-301F-11D3-BF4B-00C04F79EFBC}") = "Unity.TextMeshPro", "Unity.TextMeshPro.csproj", "{BE160E43-4F3F-037A-1D88-71270CB77FDE}"
EndProject
Project("{FAE04EC0-301F-11D3-BF4B-00C04F79EFBC}") = "Unity.2D.Animation.Runtime", "Unity.2D.Animation.Runtime.csproj", "{B33B2F6F-E339-1F45-ADD6-BAB4E11290DB}"
EndProject
Project("{FAE04EC0-301F-11D3-BF4B-00C04F79EFBC}") = "Unity.2D.IK.Runtime", "Unity.2D.IK.Runtime.csproj", "{F4966F2F-990F-6A18-6270-9D14869A49DF}"
EndProject
Project("{FAE04EC0-301F-11D3-BF4B-00C04F79EFBC}") = "Unity.2D.SpriteShape.Runtime", "Unity.2D.SpriteShape.Runtime.csproj", "{07F9AAE6-CF1B-6905-293B-766C70532B8C}"
EndProject
Project("{FAE04EC0-301F-11D3-BF4B-00C04F79EFBC}") = "Assembly-CSharp", "Assembly-CSharp.csproj", "{8C180A12-F16E-AAE7-44DC-99945DBEE987}"
EndProject
Project("{FAE04EC0-301F-11D3-BF4B-00C04F79EFBC}") = "Unity.2D.PixelPerfect", "Unity.2D.PixelPerfect.csproj", "{7582490C-7B3B-6013-15DE-B713B6C02BD9}"
EndProject
Project("{FAE04EC0-301F-11D3-BF4B-00C04F79EFBC}") = "Unity.2D.Common.Runtime", "Unity.2D.Common.Runtime.csproj", "{D8F4DF15-24D7-B2C9-7EC2-BF65A4159310}"
EndProject
Project("{FAE04EC0-301F-11D3-BF4B-00C04F79EFBC}") = "Unity.TextMeshPro.Tests", "Unity.TextMeshPro.Tests.csproj", "{88F7AFC9-E674-4DED-E57F-197EEC70C7CE}"
EndProject
Project("{FAE04EC0-301F-11D3-BF4B-00C04F79EFBC}") = "Unity.InternalAPIEngineBridge.001", "Unity.InternalAPIEngineBridge.001.csproj", "{4A1E3146-C97E-C56F-C3CB-A47A8F07B387}"
EndProject
Project("{FAE04EC0-301F-11D3-BF4B-00C04F79EFBC}") = "UnityEditor.TestRunner", "UnityEditor.TestRunner.csproj", "{0D045EF3-501A-B642-ED15-14FAF3C99431}"
EndProject
Project("{FAE04EC0-301F-11D3-BF4B-00C04F79EFBC}") = "Unity.PlasticSCM.Editor", "Unity.PlasticSCM.Editor.csproj", "{AF4D55EC-5E65-526D-612E-ACE73B30D045}"
EndProject
Project("{FAE04EC0-301F-11D3-BF4B-00C04F79EFBC}") = "UnityEditor.UI", "UnityEditor.UI.csproj", "{9977985F-50E3-893B-5A93-AE5F050C494F}"
EndProject
Project("{FAE04EC0-301F-11D3-BF4B-00C04F79EFBC}") = "Unity.Services.Core.Editor", "Unity.Services.Core.Editor.csproj", "{1399B1B3-655D-405D-5B84-013B12A4EC3A}"
EndProject
Project("{FAE04EC0-301F-11D3-BF4B-00C04F79EFBC}") = "Unity.Timeline.Editor", "Unity.Timeline.Editor.csproj", "{93EEE43C-08E7-1D84-245E-16E205142DC5}"
EndProject
Project("{FAE04EC0-301F-11D3-BF4B-00C04F79EFBC}") = "Unity.VisualStudio.Editor", "Unity.VisualStudio.Editor.csproj", "{5E1F6A4C-CAFB-E692-C591-CBA1AAFA9557}"
EndProject
Project("{FAE04EC0-301F-11D3-BF4B-00C04F79EFBC}") = "Unity.2D.Psdimporter.Editor", "Unity.2D.Psdimporter.Editor.csproj", "{6D145A4A-D168-DCBC-3E0E-EE9306AAA6F3}"
EndProject
Project("{FAE04EC0-301F-11D3-BF4B-00C04F79EFBC}") = "Unity.2D.Animation.Editor", "Unity.2D.Animation.Editor.csproj", "{EE98D02E-07ED-EBA6-7893-3E16E6BAB7E3}"
EndProject
Project("{FAE04EC0-301F-11D3-BF4B-00C04F79EFBC}") = "Unity.TextMeshPro.Editor", "Unity.TextMeshPro.Editor.csproj", "{D160FBF1-8C47-B15A-4CFD-283806353862}"
EndProject
Project("{FAE04EC0-301F-11D3-BF4B-00C04F79EFBC}") = "Unity.2D.SpriteShape.Editor", "Unity.2D.SpriteShape.Editor.csproj", "{CF22FFA4-D1E2-DA0F-1E4A-A4CB8BDD295C}"
EndProject
Project("{FAE04EC0-301F-11D3-BF4B-00C04F79EFBC}") = "Unity.CollabProxy.Editor", "Unity.CollabProxy.Editor.csproj", "{BE94908F-F068-E393-36B0-2F62A2877711}"
EndProject
Project("{FAE04EC0-301F-11D3-BF4B-00C04F79EFBC}") = "PsdPlugin", "PsdPlugin.csproj", "{8FD76B3D-91A6-968D-A01F-2BAFD6D4F8B2}"
EndProject
Project("{FAE04EC0-301F-11D3-BF4B-00C04F79EFBC}") = "DocCodeExamples", "DocCodeExamples.csproj", "{0F100B52-9E3F-544F-5BD3-BA30F2E2C3A7}"
EndProject
Project("{FAE04EC0-301F-11D3-BF4B-00C04F79EFBC}") = "Unity.2D.Path.Editor", "Unity.2D.Path.Editor.csproj", "{414E66EF-4D48-ACDF-69CB-9B0D7B9E4085}"
EndProject
Project("{FAE04EC0-301F-11D3-BF4B-00C04F79EFBC}") = "Unity.Mathematics.Tests", "Unity.Mathematics.Tests.csproj", "{E9042794-B7D8-2436-CC18-D000ADFE7CD4}"
EndProject
Project("{FAE04EC0-301F-11D3-BF4B-00C04F79EFBC}") = "Unity.PlasticSCM.EditorTests", "Unity.PlasticSCM.EditorTests.csproj", "{6C0D91C7-21E6-79A0-B108-C688164825AC}"
EndProject
Project("{FAE04EC0-301F-11D3-BF4B-00C04F79EFBC}") = "Unity.Rider.Editor", "Unity.Rider.Editor.csproj", "{7269327D-0FC8-2ABE-5D99-E11EAAC6C867}"
EndProject
Project("{FAE04EC0-301F-11D3-BF4B-00C04F79EFBC}") = "UnityEditor.UI.EditorTests", "UnityEditor.UI.EditorTests.csproj", "{A98B6080-D743-20D8-3AEB-4A9C3DADE8D2}"
EndProject
Project("{FAE04EC0-301F-11D3-BF4B-00C04F79EFBC}") = "Unity.CollabProxy.EditorTests", "Unity.CollabProxy.EditorTests.csproj", "{F336DF51-915D-5021-5E06-6991816F3D8C}"
EndProject
Project("{FAE04EC0-301F-11D3-BF4B-00C04F79EFBC}") = "Unity.2D.IK.Editor", "Unity.2D.IK.Editor.csproj", "{547DE8DB-A549-0C7D-C7E8-87A9EFD7B184}"
EndProject
Project("{FAE04EC0-301F-11D3-BF4B-00C04F79EFBC}") = "Unity.2D.SpriteShape.EditorTests", "Unity.2D.SpriteShape.EditorTests.csproj", "{D9017469-B85D-C47F-A639-B0A862F0A702}"
EndProject
Project("{FAE04EC0-301F-11D3-BF4B-00C04F79EFBC}") = "Unity.2D.Sprite.Editor", "Unity.2D.Sprite.Editor.csproj", "{B610385B-B200-AFDA-60F5-639AF9A94887}"
EndProject
Project("{FAE04EC0-301F-11D3-BF4B-00C04F79EFBC}") = "Unity.2D.Tilemap.Editor", "Unity.2D.Tilemap.Editor.csproj", "{D7DD9099-4665-FEC4-81EF-A4E5F498D89B}"
EndProject
Project("{FAE04EC0-301F-11D3-BF4B-00C04F79EFBC}") = "Unity.2D.PixelPerfect.Editor", "Unity.2D.PixelPerfect.Editor.csproj", "{A7B23E92-ACCC-BA2A-BECE-D050714D5443}"
EndProject
Project("{FAE04EC0-301F-11D3-BF4B-00C04F79EFBC}") = "Unity.VSCode.Editor", "Unity.VSCode.Editor.csproj", "{EBD5123F-2CF8-FB76-8B57-BFA36DD361CB}"
EndProject
Project("{FAE04EC0-301F-11D3-BF4B-00C04F79EFBC}") = "Unity.2D.Common.Editor", "Unity.2D.Common.Editor.csproj", "{11B520E1-C702-3B96-A2E3-C865762809C4}"
EndProject
Project("{FAE04EC0-301F-11D3-BF4B-00C04F79EFBC}") = "Unity.Mathematics.Editor", "Unity.Mathematics.Editor.csproj", "{42C38FAB-D27B-B5C7-209F-6C4A30D50588}"
EndProject
Project("{FAE04EC0-301F-11D3-BF4B-00C04F79EFBC}") = "Unity.2D.PixelPerfect.Editor.Tests", "Unity.2D.PixelPerfect.Editor.Tests.csproj", "{19DC33B8-5372-E5E6-B14F-7A7BED4F690C}"
EndProject
Project("{FAE04EC0-301F-11D3-BF4B-00C04F79EFBC}") = "Unity.2D.Common.EditorTests", "Unity.2D.Common.EditorTests.csproj", "{878CF864-F602-8248-2E3E-DC0D11901FB7}"
EndProject
Project("{FAE04EC0-301F-11D3-BF4B-00C04F79EFBC}") = "Unity.2D.Path.Tests", "Unity.2D.Path.Tests.csproj", "{0439446F-37C1-C789-07FB-289B3BD2C289}"
EndProject
Project("{FAE04EC0-301F-11D3-BF4B-00C04F79EFBC}") = "Unity.InternalAPIEditorBridge.001", "Unity.InternalAPIEditorBridge.001.csproj", "{508ACB3A-E3CA-DB9C-9047-7AB6229EEBC3}"
EndProject
Project("{FAE04EC0-301F-11D3-BF4B-00C04F79EFBC}") = "Unity.2D.Tilemap.Package.EditorTests", "Unity.2D.Tilemap.Package.EditorTests.csproj", "{4937C686-D4C0-3357-9469-CD492F838506}"
EndProject
Project("{FAE04EC0-301F-11D3-BF4B-00C04F79EFBC}") = "Unity.2D.Psdimporter.EditorTests", "Unity.2D.Psdimporter.EditorTests.csproj", "{7F8AA1D9-7404-58F2-C6D8-59E43E1A1E04}"
EndProject
Project("{FAE04EC0-301F-11D3-BF4B-00C04F79EFBC}") = "Unity.2D.Sprite.Package.EditorTests", "Unity.2D.Sprite.Package.EditorTests.csproj", "{62F52C57-FD27-F7A1-2CA9-4E8CD970FDE3}"
EndProject
Project("{FAE04EC0-301F-11D3-BF4B-00C04F79EFBC}") = "Unity.Nuget.NewtonsoftJson.EditorTests", "Unity.Nuget.NewtonsoftJson.EditorTests.csproj", "{14CE8121-895F-A797-204E-75B761C1F85B}"
EndProject
Project("{FAE04EC0-301F-11D3-BF4B-00C04F79EFBC}") = "Unity.TextMeshPro.Editor.Tests", "Unity.TextMeshPro.Editor.Tests.csproj", "{4228A6B0-2F8C-AC13-7193-EBEB199F1438}"
EndProject
Project("{FAE04EC0-301F-11D3-BF4B-00C04F79EFBC}") = "Unity.2D.Animation.EditorTests", "Unity.2D.Animation.EditorTests.csproj", "{EBC57D42-3036-E3C4-0E54-473692FADF62}"
EndProject
Global
	GlobalSection(SolutionConfigurationPlatforms) = preSolution
		Debug|Any CPU = Debug|Any CPU
		Release|Any CPU = Release|Any CPU
	EndGlobalSection
	GlobalSection(ProjectConfigurationPlatforms) = postSolution
		{449496E9-C76D-8780-AB46-2072CA9607FE}.Debug|Any CPU.ActiveCfg = Debug|Any CPU
		{449496E9-C76D-8780-AB46-2072CA9607FE}.Debug|Any CPU.Build.0 = Debug|Any CPU
		{449496E9-C76D-8780-AB46-2072CA9607FE}.Release|Any CPU.ActiveCfg = Release|Any CPU
		{449496E9-C76D-8780-AB46-2072CA9607FE}.Release|Any CPU.Build.0 = Release|Any CPU
		{4B6B5FCE-733E-1A66-BB6C-C6AAAE2DBA23}.Debug|Any CPU.ActiveCfg = Debug|Any CPU
		{4B6B5FCE-733E-1A66-BB6C-C6AAAE2DBA23}.Debug|Any CPU.Build.0 = Debug|Any CPU
		{4B6B5FCE-733E-1A66-BB6C-C6AAAE2DBA23}.Release|Any CPU.ActiveCfg = Release|Any CPU
		{4B6B5FCE-733E-1A66-BB6C-C6AAAE2DBA23}.Release|Any CPU.Build.0 = Release|Any CPU
		{8AF9DF69-E448-43B0-7FA8-FE5EF64A4AF0}.Debug|Any CPU.ActiveCfg = Debug|Any CPU
		{8AF9DF69-E448-43B0-7FA8-FE5EF64A4AF0}.Debug|Any CPU.Build.0 = Debug|Any CPU
		{8AF9DF69-E448-43B0-7FA8-FE5EF64A4AF0}.Release|Any CPU.ActiveCfg = Release|Any CPU
		{8AF9DF69-E448-43B0-7FA8-FE5EF64A4AF0}.Release|Any CPU.Build.0 = Release|Any CPU
		{D14C10BA-DEE7-2E32-8937-E3808B6F7599}.Debug|Any CPU.ActiveCfg = Debug|Any CPU
		{D14C10BA-DEE7-2E32-8937-E3808B6F7599}.Debug|Any CPU.Build.0 = Debug|Any CPU
		{D14C10BA-DEE7-2E32-8937-E3808B6F7599}.Release|Any CPU.ActiveCfg = Release|Any CPU
		{D14C10BA-DEE7-2E32-8937-E3808B6F7599}.Release|Any CPU.Build.0 = Release|Any CPU
		{7A539F9C-CC88-A5FA-4E2E-6FEEF0DFC528}.Debug|Any CPU.ActiveCfg = Debug|Any CPU
		{7A539F9C-CC88-A5FA-4E2E-6FEEF0DFC528}.Debug|Any CPU.Build.0 = Debug|Any CPU
		{7A539F9C-CC88-A5FA-4E2E-6FEEF0DFC528}.Release|Any CPU.ActiveCfg = Release|Any CPU
		{7A539F9C-CC88-A5FA-4E2E-6FEEF0DFC528}.Release|Any CPU.Build.0 = Release|Any CPU
		{B8DA8B3F-FF82-AE54-AF51-8CEE5D4DE0DB}.Debug|Any CPU.ActiveCfg = Debug|Any CPU
		{B8DA8B3F-FF82-AE54-AF51-8CEE5D4DE0DB}.Debug|Any CPU.Build.0 = Debug|Any CPU
		{B8DA8B3F-FF82-AE54-AF51-8CEE5D4DE0DB}.Release|Any CPU.ActiveCfg = Release|Any CPU
		{B8DA8B3F-FF82-AE54-AF51-8CEE5D4DE0DB}.Release|Any CPU.Build.0 = Release|Any CPU
		{B95C02B1-C338-893F-A58D-8828E56FA928}.Debug|Any CPU.ActiveCfg = Debug|Any CPU
		{B95C02B1-C338-893F-A58D-8828E56FA928}.Debug|Any CPU.Build.0 = Debug|Any CPU
		{B95C02B1-C338-893F-A58D-8828E56FA928}.Release|Any CPU.ActiveCfg = Release|Any CPU
		{B95C02B1-C338-893F-A58D-8828E56FA928}.Release|Any CPU.Build.0 = Release|Any CPU
		{BE160E43-4F3F-037A-1D88-71270CB77FDE}.Debug|Any CPU.ActiveCfg = Debug|Any CPU
		{BE160E43-4F3F-037A-1D88-71270CB77FDE}.Debug|Any CPU.Build.0 = Debug|Any CPU
		{BE160E43-4F3F-037A-1D88-71270CB77FDE}.Release|Any CPU.ActiveCfg = Release|Any CPU
		{BE160E43-4F3F-037A-1D88-71270CB77FDE}.Release|Any CPU.Build.0 = Release|Any CPU
		{B33B2F6F-E339-1F45-ADD6-BAB4E11290DB}.Debug|Any CPU.ActiveCfg = Debug|Any CPU
		{B33B2F6F-E339-1F45-ADD6-BAB4E11290DB}.Debug|Any CPU.Build.0 = Debug|Any CPU
		{B33B2F6F-E339-1F45-ADD6-BAB4E11290DB}.Release|Any CPU.ActiveCfg = Release|Any CPU
		{B33B2F6F-E339-1F45-ADD6-BAB4E11290DB}.Release|Any CPU.Build.0 = Release|Any CPU
		{F4966F2F-990F-6A18-6270-9D14869A49DF}.Debug|Any CPU.ActiveCfg = Debug|Any CPU
		{F4966F2F-990F-6A18-6270-9D14869A49DF}.Debug|Any CPU.Build.0 = Debug|Any CPU
		{F4966F2F-990F-6A18-6270-9D14869A49DF}.Release|Any CPU.ActiveCfg = Release|Any CPU
		{F4966F2F-990F-6A18-6270-9D14869A49DF}.Release|Any CPU.Build.0 = Release|Any CPU
		{07F9AAE6-CF1B-6905-293B-766C70532B8C}.Debug|Any CPU.ActiveCfg = Debug|Any CPU
		{07F9AAE6-CF1B-6905-293B-766C70532B8C}.Debug|Any CPU.Build.0 = Debug|Any CPU
		{07F9AAE6-CF1B-6905-293B-766C70532B8C}.Release|Any CPU.ActiveCfg = Release|Any CPU
		{07F9AAE6-CF1B-6905-293B-766C70532B8C}.Release|Any CPU.Build.0 = Release|Any CPU
		{8C180A12-F16E-AAE7-44DC-99945DBEE987}.Debug|Any CPU.ActiveCfg = Debug|Any CPU
		{8C180A12-F16E-AAE7-44DC-99945DBEE987}.Debug|Any CPU.Build.0 = Debug|Any CPU
		{8C180A12-F16E-AAE7-44DC-99945DBEE987}.Release|Any CPU.ActiveCfg = Release|Any CPU
		{8C180A12-F16E-AAE7-44DC-99945DBEE987}.Release|Any CPU.Build.0 = Release|Any CPU
		{7582490C-7B3B-6013-15DE-B713B6C02BD9}.Debug|Any CPU.ActiveCfg = Debug|Any CPU
		{7582490C-7B3B-6013-15DE-B713B6C02BD9}.Debug|Any CPU.Build.0 = Debug|Any CPU
		{7582490C-7B3B-6013-15DE-B713B6C02BD9}.Release|Any CPU.ActiveCfg = Release|Any CPU
		{7582490C-7B3B-6013-15DE-B713B6C02BD9}.Release|Any CPU.Build.0 = Release|Any CPU
		{D8F4DF15-24D7-B2C9-7EC2-BF65A4159310}.Debug|Any CPU.ActiveCfg = Debug|Any CPU
		{D8F4DF15-24D7-B2C9-7EC2-BF65A4159310}.Debug|Any CPU.Build.0 = Debug|Any CPU
		{D8F4DF15-24D7-B2C9-7EC2-BF65A4159310}.Release|Any CPU.ActiveCfg = Release|Any CPU
		{D8F4DF15-24D7-B2C9-7EC2-BF65A4159310}.Release|Any CPU.Build.0 = Release|Any CPU
		{88F7AFC9-E674-4DED-E57F-197EEC70C7CE}.Debug|Any CPU.ActiveCfg = Debug|Any CPU
		{88F7AFC9-E674-4DED-E57F-197EEC70C7CE}.Debug|Any CPU.Build.0 = Debug|Any CPU
		{88F7AFC9-E674-4DED-E57F-197EEC70C7CE}.Release|Any CPU.ActiveCfg = Release|Any CPU
		{88F7AFC9-E674-4DED-E57F-197EEC70C7CE}.Release|Any CPU.Build.0 = Release|Any CPU
		{4A1E3146-C97E-C56F-C3CB-A47A8F07B387}.Debug|Any CPU.ActiveCfg = Debug|Any CPU
		{4A1E3146-C97E-C56F-C3CB-A47A8F07B387}.Debug|Any CPU.Build.0 = Debug|Any CPU
		{4A1E3146-C97E-C56F-C3CB-A47A8F07B387}.Release|Any CPU.ActiveCfg = Release|Any CPU
		{4A1E3146-C97E-C56F-C3CB-A47A8F07B387}.Release|Any CPU.Build.0 = Release|Any CPU
		{0D045EF3-501A-B642-ED15-14FAF3C99431}.Debug|Any CPU.ActiveCfg = Debug|Any CPU
		{0D045EF3-501A-B642-ED15-14FAF3C99431}.Debug|Any CPU.Build.0 = Debug|Any CPU
		{0D045EF3-501A-B642-ED15-14FAF3C99431}.Release|Any CPU.ActiveCfg = Release|Any CPU
		{0D045EF3-501A-B642-ED15-14FAF3C99431}.Release|Any CPU.Build.0 = Release|Any CPU
		{AF4D55EC-5E65-526D-612E-ACE73B30D045}.Debug|Any CPU.ActiveCfg = Debug|Any CPU
		{AF4D55EC-5E65-526D-612E-ACE73B30D045}.Debug|Any CPU.Build.0 = Debug|Any CPU
		{AF4D55EC-5E65-526D-612E-ACE73B30D045}.Release|Any CPU.ActiveCfg = Release|Any CPU
		{AF4D55EC-5E65-526D-612E-ACE73B30D045}.Release|Any CPU.Build.0 = Release|Any CPU
		{9977985F-50E3-893B-5A93-AE5F050C494F}.Debug|Any CPU.ActiveCfg = Debug|Any CPU
		{9977985F-50E3-893B-5A93-AE5F050C494F}.Debug|Any CPU.Build.0 = Debug|Any CPU
		{9977985F-50E3-893B-5A93-AE5F050C494F}.Release|Any CPU.ActiveCfg = Release|Any CPU
		{9977985F-50E3-893B-5A93-AE5F050C494F}.Release|Any CPU.Build.0 = Release|Any CPU
		{1399B1B3-655D-405D-5B84-013B12A4EC3A}.Debug|Any CPU.ActiveCfg = Debug|Any CPU
		{1399B1B3-655D-405D-5B84-013B12A4EC3A}.Debug|Any CPU.Build.0 = Debug|Any CPU
		{1399B1B3-655D-405D-5B84-013B12A4EC3A}.Release|Any CPU.ActiveCfg = Release|Any CPU
		{1399B1B3-655D-405D-5B84-013B12A4EC3A}.Release|Any CPU.Build.0 = Release|Any CPU
		{93EEE43C-08E7-1D84-245E-16E205142DC5}.Debug|Any CPU.ActiveCfg = Debug|Any CPU
		{93EEE43C-08E7-1D84-245E-16E205142DC5}.Debug|Any CPU.Build.0 = Debug|Any CPU
		{93EEE43C-08E7-1D84-245E-16E205142DC5}.Release|Any CPU.ActiveCfg = Release|Any CPU
		{93EEE43C-08E7-1D84-245E-16E205142DC5}.Release|Any CPU.Build.0 = Release|Any CPU
		{5E1F6A4C-CAFB-E692-C591-CBA1AAFA9557}.Debug|Any CPU.ActiveCfg = Debug|Any CPU
		{5E1F6A4C-CAFB-E692-C591-CBA1AAFA9557}.Debug|Any CPU.Build.0 = Debug|Any CPU
		{5E1F6A4C-CAFB-E692-C591-CBA1AAFA9557}.Release|Any CPU.ActiveCfg = Release|Any CPU
		{5E1F6A4C-CAFB-E692-C591-CBA1AAFA9557}.Release|Any CPU.Build.0 = Release|Any CPU
		{6D145A4A-D168-DCBC-3E0E-EE9306AAA6F3}.Debug|Any CPU.ActiveCfg = Debug|Any CPU
		{6D145A4A-D168-DCBC-3E0E-EE9306AAA6F3}.Debug|Any CPU.Build.0 = Debug|Any CPU
		{6D145A4A-D168-DCBC-3E0E-EE9306AAA6F3}.Release|Any CPU.ActiveCfg = Release|Any CPU
		{6D145A4A-D168-DCBC-3E0E-EE9306AAA6F3}.Release|Any CPU.Build.0 = Release|Any CPU
		{EE98D02E-07ED-EBA6-7893-3E16E6BAB7E3}.Debug|Any CPU.ActiveCfg = Debug|Any CPU
		{EE98D02E-07ED-EBA6-7893-3E16E6BAB7E3}.Debug|Any CPU.Build.0 = Debug|Any CPU
		{EE98D02E-07ED-EBA6-7893-3E16E6BAB7E3}.Release|Any CPU.ActiveCfg = Release|Any CPU
		{EE98D02E-07ED-EBA6-7893-3E16E6BAB7E3}.Release|Any CPU.Build.0 = Release|Any CPU
		{D160FBF1-8C47-B15A-4CFD-283806353862}.Debug|Any CPU.ActiveCfg = Debug|Any CPU
		{D160FBF1-8C47-B15A-4CFD-283806353862}.Debug|Any CPU.Build.0 = Debug|Any CPU
		{D160FBF1-8C47-B15A-4CFD-283806353862}.Release|Any CPU.ActiveCfg = Release|Any CPU
		{D160FBF1-8C47-B15A-4CFD-283806353862}.Release|Any CPU.Build.0 = Release|Any CPU
		{CF22FFA4-D1E2-DA0F-1E4A-A4CB8BDD295C}.Debug|Any CPU.ActiveCfg = Debug|Any CPU
		{CF22FFA4-D1E2-DA0F-1E4A-A4CB8BDD295C}.Debug|Any CPU.Build.0 = Debug|Any CPU
		{CF22FFA4-D1E2-DA0F-1E4A-A4CB8BDD295C}.Release|Any CPU.ActiveCfg = Release|Any CPU
		{CF22FFA4-D1E2-DA0F-1E4A-A4CB8BDD295C}.Release|Any CPU.Build.0 = Release|Any CPU
		{BE94908F-F068-E393-36B0-2F62A2877711}.Debug|Any CPU.ActiveCfg = Debug|Any CPU
		{BE94908F-F068-E393-36B0-2F62A2877711}.Debug|Any CPU.Build.0 = Debug|Any CPU
		{BE94908F-F068-E393-36B0-2F62A2877711}.Release|Any CPU.ActiveCfg = Release|Any CPU
		{BE94908F-F068-E393-36B0-2F62A2877711}.Release|Any CPU.Build.0 = Release|Any CPU
		{8FD76B3D-91A6-968D-A01F-2BAFD6D4F8B2}.Debug|Any CPU.ActiveCfg = Debug|Any CPU
		{8FD76B3D-91A6-968D-A01F-2BAFD6D4F8B2}.Debug|Any CPU.Build.0 = Debug|Any CPU
		{8FD76B3D-91A6-968D-A01F-2BAFD6D4F8B2}.Release|Any CPU.ActiveCfg = Release|Any CPU
		{8FD76B3D-91A6-968D-A01F-2BAFD6D4F8B2}.Release|Any CPU.Build.0 = Release|Any CPU
		{0F100B52-9E3F-544F-5BD3-BA30F2E2C3A7}.Debug|Any CPU.ActiveCfg = Debug|Any CPU
		{0F100B52-9E3F-544F-5BD3-BA30F2E2C3A7}.Debug|Any CPU.Build.0 = Debug|Any CPU
		{0F100B52-9E3F-544F-5BD3-BA30F2E2C3A7}.Release|Any CPU.ActiveCfg = Release|Any CPU
		{0F100B52-9E3F-544F-5BD3-BA30F2E2C3A7}.Release|Any CPU.Build.0 = Release|Any CPU
		{414E66EF-4D48-ACDF-69CB-9B0D7B9E4085}.Debug|Any CPU.ActiveCfg = Debug|Any CPU
		{414E66EF-4D48-ACDF-69CB-9B0D7B9E4085}.Debug|Any CPU.Build.0 = Debug|Any CPU
		{414E66EF-4D48-ACDF-69CB-9B0D7B9E4085}.Release|Any CPU.ActiveCfg = Release|Any CPU
		{414E66EF-4D48-ACDF-69CB-9B0D7B9E4085}.Release|Any CPU.Build.0 = Release|Any CPU
		{E9042794-B7D8-2436-CC18-D000ADFE7CD4}.Debug|Any CPU.ActiveCfg = Debug|Any CPU
		{E9042794-B7D8-2436-CC18-D000ADFE7CD4}.Debug|Any CPU.Build.0 = Debug|Any CPU
		{E9042794-B7D8-2436-CC18-D000ADFE7CD4}.Release|Any CPU.ActiveCfg = Release|Any CPU
		{E9042794-B7D8-2436-CC18-D000ADFE7CD4}.Release|Any CPU.Build.0 = Release|Any CPU
		{6C0D91C7-21E6-79A0-B108-C688164825AC}.Debug|Any CPU.ActiveCfg = Debug|Any CPU
		{6C0D91C7-21E6-79A0-B108-C688164825AC}.Debug|Any CPU.Build.0 = Debug|Any CPU
		{6C0D91C7-21E6-79A0-B108-C688164825AC}.Release|Any CPU.ActiveCfg = Release|Any CPU
		{6C0D91C7-21E6-79A0-B108-C688164825AC}.Release|Any CPU.Build.0 = Release|Any CPU
		{7269327D-0FC8-2ABE-5D99-E11EAAC6C867}.Debug|Any CPU.ActiveCfg = Debug|Any CPU
		{7269327D-0FC8-2ABE-5D99-E11EAAC6C867}.Debug|Any CPU.Build.0 = Debug|Any CPU
		{7269327D-0FC8-2ABE-5D99-E11EAAC6C867}.Release|Any CPU.ActiveCfg = Release|Any CPU
		{7269327D-0FC8-2ABE-5D99-E11EAAC6C867}.Release|Any CPU.Build.0 = Release|Any CPU
		{A98B6080-D743-20D8-3AEB-4A9C3DADE8D2}.Debug|Any CPU.ActiveCfg = Debug|Any CPU
		{A98B6080-D743-20D8-3AEB-4A9C3DADE8D2}.Debug|Any CPU.Build.0 = Debug|Any CPU
		{A98B6080-D743-20D8-3AEB-4A9C3DADE8D2}.Release|Any CPU.ActiveCfg = Release|Any CPU
		{A98B6080-D743-20D8-3AEB-4A9C3DADE8D2}.Release|Any CPU.Build.0 = Release|Any CPU
		{F336DF51-915D-5021-5E06-6991816F3D8C}.Debug|Any CPU.ActiveCfg = Debug|Any CPU
		{F336DF51-915D-5021-5E06-6991816F3D8C}.Debug|Any CPU.Build.0 = Debug|Any CPU
		{F336DF51-915D-5021-5E06-6991816F3D8C}.Release|Any CPU.ActiveCfg = Release|Any CPU
		{F336DF51-915D-5021-5E06-6991816F3D8C}.Release|Any CPU.Build.0 = Release|Any CPU
		{547DE8DB-A549-0C7D-C7E8-87A9EFD7B184}.Debug|Any CPU.ActiveCfg = Debug|Any CPU
		{547DE8DB-A549-0C7D-C7E8-87A9EFD7B184}.Debug|Any CPU.Build.0 = Debug|Any CPU
		{547DE8DB-A549-0C7D-C7E8-87A9EFD7B184}.Release|Any CPU.ActiveCfg = Release|Any CPU
		{547DE8DB-A549-0C7D-C7E8-87A9EFD7B184}.Release|Any CPU.Build.0 = Release|Any CPU
		{D9017469-B85D-C47F-A639-B0A862F0A702}.Debug|Any CPU.ActiveCfg = Debug|Any CPU
		{D9017469-B85D-C47F-A639-B0A862F0A702}.Debug|Any CPU.Build.0 = Debug|Any CPU
		{D9017469-B85D-C47F-A639-B0A862F0A702}.Release|Any CPU.ActiveCfg = Release|Any CPU
		{D9017469-B85D-C47F-A639-B0A862F0A702}.Release|Any CPU.Build.0 = Release|Any CPU
		{B610385B-B200-AFDA-60F5-639AF9A94887}.Debug|Any CPU.ActiveCfg = Debug|Any CPU
		{B610385B-B200-AFDA-60F5-639AF9A94887}.Debug|Any CPU.Build.0 = Debug|Any CPU
		{B610385B-B200-AFDA-60F5-639AF9A94887}.Release|Any CPU.ActiveCfg = Release|Any CPU
		{B610385B-B200-AFDA-60F5-639AF9A94887}.Release|Any CPU.Build.0 = Release|Any CPU
		{D7DD9099-4665-FEC4-81EF-A4E5F498D89B}.Debug|Any CPU.ActiveCfg = Debug|Any CPU
		{D7DD9099-4665-FEC4-81EF-A4E5F498D89B}.Debug|Any CPU.Build.0 = Debug|Any CPU
		{D7DD9099-4665-FEC4-81EF-A4E5F498D89B}.Release|Any CPU.ActiveCfg = Release|Any CPU
		{D7DD9099-4665-FEC4-81EF-A4E5F498D89B}.Release|Any CPU.Build.0 = Release|Any CPU
		{A7B23E92-ACCC-BA2A-BECE-D050714D5443}.Debug|Any CPU.ActiveCfg = Debug|Any CPU
		{A7B23E92-ACCC-BA2A-BECE-D050714D5443}.Debug|Any CPU.Build.0 = Debug|Any CPU
		{A7B23E92-ACCC-BA2A-BECE-D050714D5443}.Release|Any CPU.ActiveCfg = Release|Any CPU
		{A7B23E92-ACCC-BA2A-BECE-D050714D5443}.Release|Any CPU.Build.0 = Release|Any CPU
		{EBD5123F-2CF8-FB76-8B57-BFA36DD361CB}.Debug|Any CPU.ActiveCfg = Debug|Any CPU
		{EBD5123F-2CF8-FB76-8B57-BFA36DD361CB}.Debug|Any CPU.Build.0 = Debug|Any CPU
		{EBD5123F-2CF8-FB76-8B57-BFA36DD361CB}.Release|Any CPU.ActiveCfg = Release|Any CPU
		{EBD5123F-2CF8-FB76-8B57-BFA36DD361CB}.Release|Any CPU.Build.0 = Release|Any CPU
		{11B520E1-C702-3B96-A2E3-C865762809C4}.Debug|Any CPU.ActiveCfg = Debug|Any CPU
		{11B520E1-C702-3B96-A2E3-C865762809C4}.Debug|Any CPU.Build.0 = Debug|Any CPU
		{11B520E1-C702-3B96-A2E3-C865762809C4}.Release|Any CPU.ActiveCfg = Release|Any CPU
		{11B520E1-C702-3B96-A2E3-C865762809C4}.Release|Any CPU.Build.0 = Release|Any CPU
		{42C38FAB-D27B-B5C7-209F-6C4A30D50588}.Debug|Any CPU.ActiveCfg = Debug|Any CPU
		{42C38FAB-D27B-B5C7-209F-6C4A30D50588}.Debug|Any CPU.Build.0 = Debug|Any CPU
		{42C38FAB-D27B-B5C7-209F-6C4A30D50588}.Release|Any CPU.ActiveCfg = Release|Any CPU
		{42C38FAB-D27B-B5C7-209F-6C4A30D50588}.Release|Any CPU.Build.0 = Release|Any CPU
		{19DC33B8-5372-E5E6-B14F-7A7BED4F690C}.Debug|Any CPU.ActiveCfg = Debug|Any CPU
		{19DC33B8-5372-E5E6-B14F-7A7BED4F690C}.Debug|Any CPU.Build.0 = Debug|Any CPU
		{19DC33B8-5372-E5E6-B14F-7A7BED4F690C}.Release|Any CPU.ActiveCfg = Release|Any CPU
		{19DC33B8-5372-E5E6-B14F-7A7BED4F690C}.Release|Any CPU.Build.0 = Release|Any CPU
		{878CF864-F602-8248-2E3E-DC0D11901FB7}.Debug|Any CPU.ActiveCfg = Debug|Any CPU
		{878CF864-F602-8248-2E3E-DC0D11901FB7}.Debug|Any CPU.Build.0 = Debug|Any CPU
		{878CF864-F602-8248-2E3E-DC0D11901FB7}.Release|Any CPU.ActiveCfg = Release|Any CPU
		{878CF864-F602-8248-2E3E-DC0D11901FB7}.Release|Any CPU.Build.0 = Release|Any CPU
		{0439446F-37C1-C789-07FB-289B3BD2C289}.Debug|Any CPU.ActiveCfg = Debug|Any CPU
		{0439446F-37C1-C789-07FB-289B3BD2C289}.Debug|Any CPU.Build.0 = Debug|Any CPU
		{0439446F-37C1-C789-07FB-289B3BD2C289}.Release|Any CPU.ActiveCfg = Release|Any CPU
		{0439446F-37C1-C789-07FB-289B3BD2C289}.Release|Any CPU.Build.0 = Release|Any CPU
		{508ACB3A-E3CA-DB9C-9047-7AB6229EEBC3}.Debug|Any CPU.ActiveCfg = Debug|Any CPU
		{508ACB3A-E3CA-DB9C-9047-7AB6229EEBC3}.Debug|Any CPU.Build.0 = Debug|Any CPU
		{508ACB3A-E3CA-DB9C-9047-7AB6229EEBC3}.Release|Any CPU.ActiveCfg = Release|Any CPU
		{508ACB3A-E3CA-DB9C-9047-7AB6229EEBC3}.Release|Any CPU.Build.0 = Release|Any CPU
		{4937C686-D4C0-3357-9469-CD492F838506}.Debug|Any CPU.ActiveCfg = Debug|Any CPU
		{4937C686-D4C0-3357-9469-CD492F838506}.Debug|Any CPU.Build.0 = Debug|Any CPU
		{4937C686-D4C0-3357-9469-CD492F838506}.Release|Any CPU.ActiveCfg = Release|Any CPU
		{4937C686-D4C0-3357-9469-CD492F838506}.Release|Any CPU.Build.0 = Release|Any CPU
		{7F8AA1D9-7404-58F2-C6D8-59E43E1A1E04}.Debug|Any CPU.ActiveCfg = Debug|Any CPU
		{7F8AA1D9-7404-58F2-C6D8-59E43E1A1E04}.Debug|Any CPU.Build.0 = Debug|Any CPU
		{7F8AA1D9-7404-58F2-C6D8-59E43E1A1E04}.Release|Any CPU.ActiveCfg = Release|Any CPU
		{7F8AA1D9-7404-58F2-C6D8-59E43E1A1E04}.Release|Any CPU.Build.0 = Release|Any CPU
		{62F52C57-FD27-F7A1-2CA9-4E8CD970FDE3}.Debug|Any CPU.ActiveCfg = Debug|Any CPU
		{62F52C57-FD27-F7A1-2CA9-4E8CD970FDE3}.Debug|Any CPU.Build.0 = Debug|Any CPU
		{62F52C57-FD27-F7A1-2CA9-4E8CD970FDE3}.Release|Any CPU.ActiveCfg = Release|Any CPU
		{62F52C57-FD27-F7A1-2CA9-4E8CD970FDE3}.Release|Any CPU.Build.0 = Release|Any CPU
		{14CE8121-895F-A797-204E-75B761C1F85B}.Debug|Any CPU.ActiveCfg = Debug|Any CPU
		{14CE8121-895F-A797-204E-75B761C1F85B}.Debug|Any CPU.Build.0 = Debug|Any CPU
		{14CE8121-895F-A797-204E-75B761C1F85B}.Release|Any CPU.ActiveCfg = Release|Any CPU
		{14CE8121-895F-A797-204E-75B761C1F85B}.Release|Any CPU.Build.0 = Release|Any CPU
		{4228A6B0-2F8C-AC13-7193-EBEB199F1438}.Debug|Any CPU.ActiveCfg = Debug|Any CPU
		{4228A6B0-2F8C-AC13-7193-EBEB199F1438}.Debug|Any CPU.Build.0 = Debug|Any CPU
		{4228A6B0-2F8C-AC13-7193-EBEB199F1438}.Release|Any CPU.ActiveCfg = Release|Any CPU
		{4228A6B0-2F8C-AC13-7193-EBEB199F1438}.Release|Any CPU.Build.0 = Release|Any CPU
		{EBC57D42-3036-E3C4-0E54-473692FADF62}.Debug|Any CPU.ActiveCfg = Debug|Any CPU
		{EBC57D42-3036-E3C4-0E54-473692FADF62}.Debug|Any CPU.Build.0 = Debug|Any CPU
		{EBC57D42-3036-E3C4-0E54-473692FADF62}.Release|Any CPU.ActiveCfg = Release|Any CPU
		{EBC57D42-3036-E3C4-0E54-473692FADF62}.Release|Any CPU.Build.0 = Release|Any CPU
	EndGlobalSection
	GlobalSection(SolutionProperties) = preSolution
		HideSolutionNode = FALSE
	EndGlobalSection
EndGlobal
